Microsoft Visual Studio Solution File, Format Version 12.00
# Visual Studio Version 17
VisualStudioVersion = 17.5.2.0
MinimumVisualStudioVersion = 10.0.40219.1
Project("{FAE04EC0-301F-11D3-BF4B-00C04F79EFBC}") = "SmartLeads.Infrastructure", "SmartLeads.Infrastructure\SmartLeads.Infrastructure.csproj", "{5C781FFA-99A4-3B50-B154-B7E6FEF75A55}"
EndProject
Project("{FAE04EC0-301F-11D3-BF4B-00C04F79EFBC}") = "SmartLeads.Web", "SmartLeads.Web\SmartLeads.Web.csproj", "{4E7F945E-2C20-6D6B-B518-136C678128B7}"
EndProject
Project("{FAE04EC0-301F-11D3-BF4B-00C04F79EFBC}") = "SmartLeads.Domain", "SmartLeads.Domain\SmartLeads.Domain.csproj", "{AE26EE31-1177-1622-F282-73B611B6585A}"
EndProject
Project("{FAE04EC0-301F-11D3-BF4B-00C04F79EFBC}") = "SmartLeads.Utilities", "SmartLeads.Utilities\SmartLeads.Utilities.csproj", "{B8E3A1C2-4D5F-6A7B-8C9D-0E1F2A3B4C5D}"
EndProject
Global
	GlobalSection(SolutionConfigurationPlatforms) = preSolution
		Debug|Any CPU = Debug|Any CPU
		Release|Any CPU = Release|Any CPU
	EndGlobalSection
	GlobalSection(ProjectConfigurationPlatforms) = postSolution
		{5C781FFA-99A4-3B50-B154-B7E6FEF75A55}.Debug|Any CPU.ActiveCfg = Debug|Any CPU
		{5C781FFA-99A4-3B50-B154-B7E6FEF75A55}.Debug|Any CPU.Build.0 = Debug|Any CPU
		{5C781FFA-99A4-3B50-B154-B7E6FEF75A55}.Release|Any CPU.ActiveCfg = Release|Any CPU
		{5C781FFA-99A4-3B50-B154-B7E6FEF75A55}.Release|Any CPU.Build.0 = Release|Any CPU
		{4E7F945E-2C20-6D6B-B518-136C678128B7}.Debug|Any CPU.ActiveCfg = Debug|Any CPU
		{4E7F945E-2C20-6D6B-B518-136C678128B7}.Debug|Any CPU.Build.0 = Debug|Any CPU
		{4E7F945E-2C20-6D6B-B518-136C678128B7}.Release|Any CPU.ActiveCfg = Release|Any CPU
		{4E7F945E-2C20-6D6B-B518-136C678128B7}.Release|Any CPU.Build.0 = Release|Any CPU
		{AE26EE31-1177-1622-F282-73B611B6585A}.Debug|Any CPU.ActiveCfg = Debug|Any CPU
		{AE26EE31-1177-1622-F282-73B611B6585A}.Debug|Any CPU.Build.0 = Debug|Any CPU
		{AE26EE31-1177-1622-F282-73B611B6585A}.Release|Any CPU.ActiveCfg = Release|Any CPU
		{AE26EE31-1177-1622-F282-73B611B6585A}.Release|Any CPU.Build.0 = Release|Any CPU
		{B8E3A1C2-4D5F-6A7B-8C9D-0E1F2A3B4C5D}.Debug|Any CPU.ActiveCfg = Debug|Any CPU
		{B8E3A1C2-4D5F-6A7B-8C9D-0E1F2A3B4C5D}.Debug|Any CPU.Build.0 = Debug|Any CPU
		{B8E3A1C2-4D5F-6A7B-8C9D-0E1F2A3B4C5D}.Release|Any CPU.ActiveCfg = Release|Any CPU
		{B8E3A1C2-4D5F-6A7B-8C9D-0E1F2A3B4C5D}.Release|Any CPU.Build.0 = Release|Any CPU
	EndGlobalSection
	GlobalSection(SolutionProperties) = preSolution
		HideSolutionNode = FALSE
	EndGlobalSection
	GlobalSection(ExtensibilityGlobals) = postSolution
		SolutionGuid = {082FADE6-E3DA-4585-BF58-7E8D4E8F0FEA}
	EndGlobalSection
EndGlobal
